
Microsoft Visual Studio Solution File, Format Version 12.00
# Visual Studio Version 17
VisualStudioVersion = 17.14.36623.8 d17.14
MinimumVisualStudioVersion = 10.0.40219.1
Project("{FAE04EC0-301F-11D3-BF4B-00C04F79EFBC}") = "captchaReqLimit", "captchaReqLimit\captchaReqLimit.csproj", "{68CCF64E-3DF1-4942-8A58-2D41457D4D62}"
EndProject
Global
	GlobalSection(SolutionConfigurationPlatforms) = preSolution
		Debug|Any CPU = Debug|Any CPU
		Release|Any CPU = Release|Any CPU
	EndGlobalSection
	GlobalSection(ProjectConfigurationPlatforms) = postSolution
		{68CCF64E-3DF1-4942-8A58-2D41457D4D62}.Debug|Any CPU.ActiveCfg = Debug|Any CPU
		{68CCF64E-3DF1-4942-8A58-2D41457D4D62}.Debug|Any CPU.Build.0 = Debug|Any CPU
		{68CCF64E-3DF1-4942-8A58-2D41457D4D62}.Release|Any CPU.ActiveCfg = Release|Any CPU
		{68CCF64E-3DF1-4942-8A58-2D41457D4D62}.Release|Any CPU.Build.0 = Release|Any CPU
	EndGlobalSection
	GlobalSection(SolutionProperties) = preSolution
		HideSolutionNode = FALSE
	EndGlobalSection
	GlobalSection(ExtensibilityGlobals) = postSolution
		SolutionGuid = {41ED0501-6234-467B-B021-36B54546DF59}
	EndGlobalSection
EndGlobal
