
Microsoft Visual Studio Solution File, Format Version 12.00
# Visual Studio Version 17
VisualStudioVersion = 17.14.36623.8 d17.14
MinimumVisualStudioVersion = 10.0.40219.1
Project("{FAE04EC0-301F-11D3-BF4B-00C04F79EFBC}") = "LifeTime", "LifeTime\LifeTime.csproj", "{5EDF0395-89D4-4B25-B3F8-C561951F294B}"
EndProject
Global
	GlobalSection(SolutionConfigurationPlatforms) = preSolution
		Debug|Any CPU = Debug|Any CPU
		Release|Any CPU = Release|Any CPU
	EndGlobalSection
	GlobalSection(ProjectConfigurationPlatforms) = postSolution
		{5EDF0395-89D4-4B25-B3F8-C561951F294B}.Debug|Any CPU.ActiveCfg = Debug|Any CPU
		{5EDF0395-89D4-4B25-B3F8-C561951F294B}.Debug|Any CPU.Build.0 = Debug|Any CPU
		{5EDF0395-89D4-4B25-B3F8-C561951F294B}.Release|Any CPU.ActiveCfg = Release|Any CPU
		{5EDF0395-89D4-4B25-B3F8-C561951F294B}.Release|Any CPU.Build.0 = Release|Any CPU
	EndGlobalSection
	GlobalSection(SolutionProperties) = preSolution
		HideSolutionNode = FALSE
	EndGlobalSection
	GlobalSection(ExtensibilityGlobals) = postSolution
		SolutionGuid = {408CD827-4866-48E4-9638-9D213BEA1334}
	EndGlobalSection
EndGlobal
