
Microsoft Visual Studio Solution File, Format Version 12.00
# Visual Studio Version 17
VisualStudioVersion = 17.14.36203.30 d17.14
MinimumVisualStudioVersion = 10.0.40219.1
Project("{FAE04EC0-301F-11D3-BF4B-00C04F79EFBC}") = "DAL", "TestEF\DAL.csproj", "{03406FEF-BA58-441B-8DA2-18961BBB22C7}"
EndProject
Project("{FAE04EC0-301F-11D3-BF4B-00C04F79EFBC}") = "Core", "Core\Core.csproj", "{04C45D22-DB96-4E16-84AB-95BCBCC6E168}"
EndProject
Project("{FAE04EC0-301F-11D3-BF4B-00C04F79EFBC}") = "WebAPI", "WebAPI\WebAPI.csproj", "{DC485271-CC20-4EBB-8072-C66BC17BA3BA}"
EndProject
Global
	GlobalSection(SolutionConfigurationPlatforms) = preSolution
		Debug|Any CPU = Debug|Any CPU
		Release|Any CPU = Release|Any CPU
	EndGlobalSection
	GlobalSection(ProjectConfigurationPlatforms) = postSolution
		{03406FEF-BA58-441B-8DA2-18961BBB22C7}.Debug|Any CPU.ActiveCfg = Debug|Any CPU
		{03406FEF-BA58-441B-8DA2-18961BBB22C7}.Debug|Any CPU.Build.0 = Debug|Any CPU
		{03406FEF-BA58-441B-8DA2-18961BBB22C7}.Release|Any CPU.ActiveCfg = Release|Any CPU
		{03406FEF-BA58-441B-8DA2-18961BBB22C7}.Release|Any CPU.Build.0 = Release|Any CPU
		{04C45D22-DB96-4E16-84AB-95BCBCC6E168}.Debug|Any CPU.ActiveCfg = Debug|Any CPU
		{04C45D22-DB96-4E16-84AB-95BCBCC6E168}.Debug|Any CPU.Build.0 = Debug|Any CPU
		{04C45D22-DB96-4E16-84AB-95BCBCC6E168}.Release|Any CPU.ActiveCfg = Release|Any CPU
		{04C45D22-DB96-4E16-84AB-95BCBCC6E168}.Release|Any CPU.Build.0 = Release|Any CPU
		{DC485271-CC20-4EBB-8072-C66BC17BA3BA}.Debug|Any CPU.ActiveCfg = Debug|Any CPU
		{DC485271-CC20-4EBB-8072-C66BC17BA3BA}.Debug|Any CPU.Build.0 = Debug|Any CPU
		{DC485271-CC20-4EBB-8072-C66BC17BA3BA}.Release|Any CPU.ActiveCfg = Release|Any CPU
		{DC485271-CC20-4EBB-8072-C66BC17BA3BA}.Release|Any CPU.Build.0 = Release|Any CPU
	EndGlobalSection
	GlobalSection(SolutionProperties) = preSolution
		HideSolutionNode = FALSE
	EndGlobalSection
	GlobalSection(ExtensibilityGlobals) = postSolution
		SolutionGuid = {2B0545AF-7690-446F-A5ED-0132669CD6BF}
	EndGlobalSection
EndGlobal
